
Microsoft Visual Studio Solution File, Format Version 12.00
# Visual Studio Version 17
VisualStudioVersion = 17.1.32228.430
MinimumVisualStudioVersion = 10.0.40219.1
Project("{FAE04EC0-301F-11D3-BF4B-00C04F79EFBC}") = "dctagfind", "dctagfind\dctagfind.csproj", "{E6962E62-8823-4CC0-904F-464CB80F0EB9}"
EndProject
Global
	GlobalSection(SolutionConfigurationPlatforms) = preSolution
		Debug|Any CPU = Debug|Any CPU
		Release|Any CPU = Release|Any CPU
	EndGlobalSection
	GlobalSection(ProjectConfigurationPlatforms) = postSolution
		{E6962E62-8823-4CC0-904F-464CB80F0EB9}.Debug|Any CPU.ActiveCfg = Debug|Any CPU
		{E6962E62-8823-4CC0-904F-464CB80F0EB9}.Debug|Any CPU.Build.0 = Debug|Any CPU
		{E6962E62-8823-4CC0-904F-464CB80F0EB9}.Release|Any CPU.ActiveCfg = Release|Any CPU
		{E6962E62-8823-4CC0-904F-464CB80F0EB9}.Release|Any CPU.Build.0 = Release|Any CPU
	EndGlobalSection
	GlobalSection(SolutionProperties) = preSolution
		HideSolutionNode = FALSE
	EndGlobalSection
	GlobalSection(ExtensibilityGlobals) = postSolution
		SolutionGuid = {26F6E3BC-67BA-4D3B-A521-E9B7F1B2DE16}
	EndGlobalSection
EndGlobal
